// !$*UTF8*$!
{
	archiveVersion = 1;
	classes = {
	};
	objectVersion = 55;
	objects = {

/* Begin PBXBuildFile section */
		B4679DD22924D21B007EF24E /* AppDelegate.swift in Sources */ = {isa = PBXBuildFile; fileRef = B4679DD12924D21B007EF24E /* AppDelegate.swift */; };
		B4679DD42924D21B007EF24E /* SceneDelegate.swift in Sources */ = {isa = PBXBuildFile; fileRef = B4679DD32924D21B007EF24E /* SceneDelegate.swift */; };
		B4679DD62924D21B007EF24E /* ViewController.swift in Sources */ = {isa = PBXBuildFile; fileRef = B4679DD52924D21B007EF24E /* ViewController.swift */; };
		B4679DD92924D21B007EF24E /* Main.storyboard in Resources */ = {isa = PBXBuildFile; fileRef = B4679DD72924D21B007EF24E /* Main.storyboard */; };
		B4679DDB2924D220007EF24E /* Assets.xcassets in Resources */ = {isa = PBXBuildFile; fileRef = B4679DDA2924D220007EF24E /* Assets.xcassets */; };
		B4679DDE2924D220007EF24E /* LaunchScreen.storyboard in Resources */ = {isa = PBXBuildFile; fileRef = B4679DDC2924D220007EF24E /* LaunchScreen.storyboard */; };
		B4679DE92924D220007EF24E /* CounterAppTests.swift in Sources */ = {isa = PBXBuildFile; fileRef = B4679DE82924D220007EF24E /* CounterAppTests.swift */; };
		B4679DF32924D221007EF24E /* CounterAppUITests.swift in Sources */ = {isa = PBXBuildFile; fileRef = B4679DF22924D221007EF24E /* CounterAppUITests.swift */; };
		B4679DF52924D221007EF24E /* CounterAppUITestsLaunchTests.swift in Sources */ = {isa = PBXBuildFile; fileRef = B4679DF42924D221007EF24E /* CounterAppUITestsLaunchTests.swift */; };
/* End PBXBuildFile section */

/* Begin PBXContainerItemProxy section */
		B4679DE52924D220007EF24E /* PBXContainerItemProxy */ = {
			isa = PBXContainerItemProxy;
			containerPortal = B4679DC62924D21B007EF24E /* Project object */;
			proxyType = 1;
			remoteGlobalIDString = B4679DCD2924D21B007EF24E;
			remoteInfo = CounterApp;
		};
		B4679DEF2924D221007EF24E /* PBXContainerItemProxy */ = {
			isa = PBXContainerItemProxy;
			containerPortal = B4679DC62924D21B007EF24E /* Project object */;
			proxyType = 1;
			remoteGlobalIDString = B4679DCD2924D21B007EF24E;
			remoteInfo = CounterApp;
		};
/* End PBXContainerItemProxy section */

/* Begin PBXFileReference section */
		B4679DCE2924D21B007EF24E /* CounterApp.app */ = {isa = PBXFileReference; explicitFileType = wrapper.application; includeInIndex = 0; path = CounterApp.app; sourceTree = BUILT_PRODUCTS_DIR; };
		B4679DD12924D21B007EF24E /* AppDelegate.swift */ = {isa = PBXFileReference; lastKnownFileType = sourcecode.swift; path = AppDelegate.swift; sourceTree = "<group>"; };
		B4679DD32924D21B007EF24E /* SceneDelegate.swift */ = {isa = PBXFileReference; lastKnownFileType = sourcecode.swift; path = SceneDelegate.swift; sourceTree = "<group>"; };
		B4679DD52924D21B007EF24E /* ViewController.swift */ = {isa = PBXFileReference; lastKnownFileType = sourcecode.swift; path = ViewController.swift; sourceTree = "<group>"; };
		B4679DD82924D21B007EF24E /* Base */ = {isa = PBXFileReference; lastKnownFileType = file.storyboard; name = Base; path = Base.lproj/Main.storyboard; sourceTree = "<group>"; };
		B4679DDA2924D220007EF24E /* Assets.xcassets */ = {isa = PBXFileReference; lastKnownFileType = folder.assetcatalog; path = Assets.xcassets; sourceTree = "<group>"; };
		B4679DDD2924D220007EF24E /* Base */ = {isa = PBXFileReference; lastKnownFileType = file.storyboard; name = Base; path = Base.lproj/LaunchScreen.storyboard; sourceTree = "<group>"; };
		B4679DDF2924D220007EF24E /* Info.plist */ = {isa = PBXFileReference; lastKnownFileType = text.plist.xml; path = Info.plist; sourceTree = "<group>"; };
		B4679DE42924D220007EF24E /* CounterAppTests.xctest */ = {isa = PBXFileReference; explicitFileType = wrapper.cfbundle; includeInIndex = 0; path = CounterAppTests.xctest; sourceTree = BUILT_PRODUCTS_DIR; };
		B4679DE82924D220007EF24E /* CounterAppTests.swift */ = {isa = PBXFileReference; lastKnownFileType = sourcecode.swift; path = CounterAppTests.swift; sourceTree = "<group>"; };
		B4679DEE2924D221007EF24E /* CounterAppUITests.xctest */ = {isa = PBXFileReference; explicitFileType = wrapper.cfbundle; includeInIndex = 0; path = CounterAppUITests.xctest; sourceTree = BUILT_PRODUCTS_DIR; };
		B4679DF22924D221007EF24E /* CounterAppUITests.swift */ = {isa = PBXFileReference; lastKnownFileType = sourcecode.swift; path = CounterAppUITests.swift; sourceTree = "<group>"; };
		B4679DF42924D221007EF24E /* CounterAppUITestsLaunchTests.swift */ = {isa = PBXFileReference; lastKnownFileType = sourcecode.swift; path = CounterAppUITestsLaunchTests.swift; sourceTree = "<group>"; };
/* End PBXFileReference section */

/* Begin PBXFrameworksBuildPhase section */
		B4679DCB2924D21B007EF24E /* Frameworks */ = {
			isa = PBXFrameworksBuildPhase;
			buildActionMask = 2147483647;
			files = (
			);
			runOnlyForDeploymentPostprocessing = 0;
		};
		B4679DE12924D220007EF24E /* Frameworks */ = {
			isa = PBXFrameworksBuildPhase;
			buildActionMask = 2147483647;
			files = (
			);
			runOnlyForDeploymentPostprocessing = 0;
		};
		B4679DEB2924D221007EF24E /* Frameworks */ = {
			isa = PBXFrameworksBuildPhase;
			buildActionMask = 2147483647;
			files = (
			);
			runOnlyForDeploymentPostprocessing = 0;
		};
/* End PBXFrameworksBuildPhase section */

/* Begin PBXGroup section */
		B4679DC52924D21B007EF24E = {
			isa = PBXGroup;
			children = (
				B4679DD02924D21B007EF24E /* CounterApp */,
				B4679DE72924D220007EF24E /* CounterAppTests */,
				B4679DF12924D221007EF24E /* CounterAppUITests */,
				B4679DCF2924D21B007EF24E /* Products */,
			);
			sourceTree = "<group>";
		};
		B4679DCF2924D21B007EF24E /* Products */ = {
			isa = PBXGroup;
			children = (
				B4679DCE2924D21B007EF24E /* CounterApp.app */,
				B4679DE42924D220007EF24E /* CounterAppTests.xctest */,
				B4679DEE2924D221007EF24E /* CounterAppUITests.xctest */,
			);
			name = Products;
			sourceTree = "<group>";
		};
		B4679DD02924D21B007EF24E /* CounterApp */ = {
			isa = PBXGroup;
			children = (
				B4679DD12924D21B007EF24E /* AppDelegate.swift */,
				B4679DD32924D21B007EF24E /* SceneDelegate.swift */,
				B4679DD52924D21B007EF24E /* ViewController.swift */,
				B4679DD72924D21B007EF24E /* Main.storyboard */,
				B4679DDA2924D220007EF24E /* Assets.xcassets */,
				B4679DDC2924D220007EF24E /* LaunchScreen.storyboard */,
				B4679DDF2924D220007EF24E /* Info.plist */,
			);
			path = CounterApp;
			sourceTree = "<group>";
		};
		B4679DE72924D220007EF24E /* CounterAppTests */ = {
			isa = PBXGroup;
			children = (
				B4679DE82924D220007EF24E /* CounterAppTests.swift */,
			);
			path = CounterAppTests;
			sourceTree = "<group>";
		};
		B4679DF12924D221007EF24E /* CounterAppUITests */ = {
			isa = PBXGroup;
			children = (
				B4679DF22924D221007EF24E /* CounterAppUITests.swift */,
				B4679DF42924D221007EF24E /* CounterAppUITestsLaunchTests.swift */,
			);
			path = CounterAppUITests;
			sourceTree = "<group>";
		};
/* End PBXGroup section */

/* Begin PBXNativeTarget section */
		B4679DCD2924D21B007EF24E /* CounterApp */ = {
			isa = PBXNativeTarget;
			buildConfigurationList = B4679DF82924D221007EF24E /* Build configuration list for PBXNativeTarget "CounterApp" */;
			buildPhases = (
				B4679DCA2924D21B007EF24E /* Sources */,
				B4679DCB2924D21B007EF24E /* Frameworks */,
				B4679DCC2924D21B007EF24E /* Resources */,
			);
			buildRules = (
			);
			dependencies = (
			);
			name = CounterApp;
			productName = CounterApp;
			productReference = B4679DCE2924D21B007EF24E /* CounterApp.app */;
			productType = "com.apple.product-type.application";
		};
		B4679DE32924D220007EF24E /* CounterAppTests */ = {
			isa = PBXNativeTarget;
			buildConfigurationList = B4679DFB2924D221007EF24E /* Build configuration list for PBXNativeTarget "CounterAppTests" */;
			buildPhases = (
				B4679DE02924D220007EF24E /* Sources */,
				B4679DE12924D220007EF24E /* Frameworks */,
				B4679DE22924D220007EF24E /* Resources */,
			);
			buildRules = (
			);
			dependencies = (
				B4679DE62924D220007EF24E /* PBXTargetDependency */,
			);
			name = CounterAppTests;
			productName = CounterAppTests;
			productReference = B4679DE42924D220007EF24E /* CounterAppTests.xctest */;
			productType = "com.apple.product-type.bundle.unit-test";
		};
		B4679DED2924D221007EF24E /* CounterAppUITests */ = {
			isa = PBXNativeTarget;
			buildConfigurationList = B4679DFE2924D221007EF24E /* Build configuration list for PBXNativeTarget "CounterAppUITests" */;
			buildPhases = (
				B4679DEA2924D221007EF24E /* Sources */,
				B4679DEB2924D221007EF24E /* Frameworks */,
				B4679DEC2924D221007EF24E /* Resources */,
			);
			buildRules = (
			);
			dependencies = (
				B4679DF02924D221007EF24E /* PBXTargetDependency */,
			);
			name = CounterAppUITests;
			productName = CounterAppUITests;
			productReference = B4679DEE2924D221007EF24E /* CounterAppUITests.xctest */;
			productType = "com.apple.product-type.bundle.ui-testing";
		};
/* End PBXNativeTarget section */

/* Begin PBXProject section */
		B4679DC62924D21B007EF24E /* Project object */ = {
			isa = PBXProject;
			attributes = {
				BuildIndependentTargetsInParallel = 1;
				LastSwiftUpdateCheck = 1340;
				LastUpgradeCheck = 1340;
				TargetAttributes = {
					B4679DCD2924D21B007EF24E = {
						CreatedOnToolsVersion = 13.4.1;
					};
					B4679DE32924D220007EF24E = {
						CreatedOnToolsVersion = 13.4.1;
						TestTargetID = B4679DCD2924D21B007EF24E;
					};
					B4679DED2924D221007EF24E = {
						CreatedOnToolsVersion = 13.4.1;
						TestTargetID = B4679DCD2924D21B007EF24E;
					};
				};
			};
			buildConfigurationList = B4679DC92924D21B007EF24E /* Build configuration list for PBXProject "CounterApp" */;
			compatibilityVersion = "Xcode 13.0";
			developmentRegion = en;
			hasScannedForEncodings = 0;
			knownRegions = (
				en,
				Base,
			);
			mainGroup = B4679DC52924D21B007EF24E;
			productRefGroup = B4679DCF2924D21B007EF24E /* Products */;
			projectDirPath = "";
			projectRoot = "";
			targets = (
				B4679DCD2924D21B007EF24E /* CounterApp */,
				B4679DE32924D220007EF24E /* CounterAppTests */,
				B4679DED2924D221007EF24E /* CounterAppUITests */,
			);
		};
/* End PBXProject section */

/* Begin PBXResourcesBuildPhase section */
		B4679DCC2924D21B007EF24E /* Resources */ = {
			isa = PBXResourcesBuildPhase;
			buildActionMask = 2147483647;
			files = (
				B4679DDE2924D220007EF24E /* LaunchScreen.storyboard in Resources */,
				B4679DDB2924D220007EF24E /* Assets.xcassets in Resources */,
				B4679DD92924D21B007EF24E /* Main.storyboard in Resources */,
			);
			runOnlyForDeploymentPostprocessing = 0;
		};
		B4679DE22924D220007EF24E /* Resources */ = {
			isa = PBXResourcesBuildPhase;
			buildActionMask = 2147483647;
			files = (
			);
			runOnlyForDeploymentPostprocessing = 0;
		};
		B4679DEC2924D221007EF24E /* Resources */ = {
			isa = PBXResourcesBuildPhase;
			buildActionMask = 2147483647;
			files = (
			);
			runOnlyForDeploymentPostprocessing = 0;
		};
/* End PBXResourcesBuildPhase section */

/* Begin PBXSourcesBuildPhase section */
		B4679DCA2924D21B007EF24E /* Sources */ = {
			isa = PBXSourcesBuildPhase;
			buildActionMask = 2147483647;
			files = (
				B4679DD62924D21B007EF24E /* ViewController.swift in Sources */,
				B4679DD22924D21B007EF24E /* AppDelegate.swift in Sources */,
				B4679DD42924D21B007EF24E /* SceneDelegate.swift in Sources */,
			);
			runOnlyForDeploymentPostprocessing = 0;
		};
		B4679DE02924D220007EF24E /* Sources */ = {
			isa = PBXSourcesBuildPhase;
			buildActionMask = 2147483647;
			files = (
				B4679DE92924D220007EF24E /* CounterAppTests.swift in Sources */,
			);
			runOnlyForDeploymentPostprocessing = 0;
		};
		B4679DEA2924D221007EF24E /* Sources */ = {
			isa = PBXSourcesBuildPhase;
			buildActionMask = 2147483647;
			files = (
				B4679DF32924D221007EF24E /* CounterAppUITests.swift in Sources */,
				B4679DF52924D221007EF24E /* CounterAppUITestsLaunchTests.swift in Sources */,
			);
			runOnlyForDeploymentPostprocessing = 0;
		};
/* End PBXSourcesBuildPhase section */

/* Begin PBXTargetDependency section */
		B4679DE62924D220007EF24E /* PBXTargetDependency */ = {
			isa = PBXTargetDependency;
			target = B4679DCD2924D21B007EF24E /* CounterApp */;
			targetProxy = B4679DE52924D220007EF24E /* PBXContainerItemProxy */;
		};
		B4679DF02924D221007EF24E /* PBXTargetDependency */ = {
			isa = PBXTargetDependency;
			target = B4679DCD2924D21B007EF24E /* CounterApp */;
			targetProxy = B4679DEF2924D221007EF24E /* PBXContainerItemProxy */;
		};
/* End PBXTargetDependency section */

/* Begin PBXVariantGroup section */
		B4679DD72924D21B007EF24E /* Main.storyboard */ = {
			isa = PBXVariantGroup;
			children = (
				B4679DD82924D21B007EF24E /* Base */,
			);
			name = Main.storyboard;
			sourceTree = "<group>";
		};
		B4679DDC2924D220007EF24E /* LaunchScreen.storyboard */ = {
			isa = PBXVariantGroup;
			children = (
				B4679DDD2924D220007EF24E /* Base */,
			);
			name = LaunchScreen.storyboard;
			sourceTree = "<group>";
		};
/* End PBXVariantGroup section */

/* Begin XCBuildConfiguration section */
		B4679DF62924D221007EF24E /* Debug */ = {
			isa = XCBuildConfiguration;
			buildSettings = {
				ALWAYS_SEARCH_USER_PATHS = NO;
				CLANG_ANALYZER_NONNULL = YES;
				CLANG_ANALYZER_NUMBER_OBJECT_CONVERSION = YES_AGGRESSIVE;
				CLANG_CXX_LANGUAGE_STANDARD = "gnu++17";
				CLANG_ENABLE_MODULES = YES;
				CLANG_ENABLE_OBJC_ARC = YES;
				CLANG_ENABLE_OBJC_WEAK = YES;
				CLANG_WARN_BLOCK_CAPTURE_AUTORELEASING = YES;
				CLANG_WARN_BOOL_CONVERSION = YES;
				CLANG_WARN_COMMA = YES;
				CLANG_WARN_CONSTANT_CONVERSION = YES;
				CLANG_WARN_DEPRECATED_OBJC_IMPLEMENTATIONS = YES;
				CLANG_WARN_DIRECT_OBJC_ISA_USAGE = YES_ERROR;
				CLANG_WARN_DOCUMENTATION_COMMENTS = YES;
				CLANG_WARN_EMPTY_BODY = YES;
				CLANG_WARN_ENUM_CONVERSION = YES;
				CLANG_WARN_INFINITE_RECURSION = YES;
				CLANG_WARN_INT_CONVERSION = YES;
				CLANG_WARN_NON_LITERAL_NULL_CONVERSION = YES;
				CLANG_WARN_OBJC_IMPLICIT_RETAIN_SELF = YES;
				CLANG_WARN_OBJC_LITERAL_CONVERSION = YES;
				CLANG_WARN_OBJC_ROOT_CLASS = YES_ERROR;
				CLANG_WARN_QUOTED_INCLUDE_IN_FRAMEWORK_HEADER = YES;
				CLANG_WARN_RANGE_LOOP_ANALYSIS = YES;
				CLANG_WARN_STRICT_PROTOTYPES = YES;
				CLANG_WARN_SUSPICIOUS_MOVE = YES;
				CLANG_WARN_UNGUARDED_AVAILABILITY = YES_AGGRESSIVE;
				CLANG_WARN_UNREACHABLE_CODE = YES;
				CLANG_WARN__DUPLICATE_METHOD_MATCH = YES;
				COPY_PHASE_STRIP = NO;
				DEBUG_INFORMATION_FORMAT = dwarf;
				ENABLE_STRICT_OBJC_MSGSEND = YES;
				ENABLE_TESTABILITY = YES;
				GCC_C_LANGUAGE_STANDARD = gnu11;
				GCC_DYNAMIC_NO_PIC = NO;
				GCC_NO_COMMON_BLOCKS = YES;
				GCC_OPTIMIZATION_LEVEL = 0;
				GCC_PREPROCESSOR_DEFINITIONS = (
					"DEBUG=1",
					"$(inherited)",
				);
				GCC_WARN_64_TO_32_BIT_CONVERSION = YES;
				GCC_WARN_ABOUT_RETURN_TYPE = YES_ERROR;
				GCC_WARN_UNDECLARED_SELECTOR = YES;
				GCC_WARN_UNINITIALIZED_AUTOS = YES_AGGRESSIVE;
				GCC_WARN_UNUSED_FUNCTION = YES;
				GCC_WARN_UNUSED_VARIABLE = YES;
				IPHONEOS_DEPLOYMENT_TARGET = 15.5;
				MTL_ENABLE_DEBUG_INFO = INCLUDE_SOURCE;
				MTL_FAST_MATH = YES;
				ONLY_ACTIVE_ARCH = YES;
				SDKROOT = iphoneos;
				SWIFT_ACTIVE_COMPILATION_CONDITIONS = DEBUG;
				SWIFT_OPTIMIZATION_LEVEL = "-Onone";
			};
			name = Debug;
		};
		B4679DF72924D221007EF24E /* Release */ = {
			isa = XCBuildConfiguration;
			buildSettings = {
				ALWAYS_SEARCH_USER_PATHS = NO;
				CLANG_ANALYZER_NONNULL = YES;
				CLANG_ANALYZER_NUMBER_OBJECT_CONVERSION = YES_AGGRESSIVE;
				CLANG_CXX_LANGUAGE_STANDARD = "gnu++17";
				CLANG_ENABLE_MODULES = YES;
				CLANG_ENABLE_OBJC_ARC = YES;
				CLANG_ENABLE_OBJC_WEAK = YES;
				CLANG_WARN_BLOCK_CAPTURE_AUTORELEASING = YES;
				CLANG_WARN_BOOL_CONVERSION = YES;
				CLANG_WARN_COMMA = YES;
				CLANG_WARN_CONSTANT_CONVERSION = YES;
				CLANG_WARN_DEPRECATED_OBJC_IMPLEMENTATIONS = YES;
				CLANG_WARN_DIRECT_OBJC_ISA_USAGE = YES_ERROR;
				CLANG_WARN_DOCUMENTATION_COMMENTS = YES;
				CLANG_WARN_EMPTY_BODY = YES;
				CLANG_WARN_ENUM_CONVERSION = YES;
				CLANG_WARN_INFINITE_RECURSION = YES;
				CLANG_WARN_INT_CONVERSION = YES;
				CLANG_WARN_NON_LITERAL_NULL_CONVERSION = YES;
				CLANG_WARN_OBJC_IMPLICIT_RETAIN_SELF = YES;
				CLANG_WARN_OBJC_LITERAL_CONVERSION = YES;
				CLANG_WARN_OBJC_ROOT_CLASS = YES_ERROR;
				CLANG_WARN_QUOTED_INCLUDE_IN_FRAMEWORK_HEADER = YES;
				CLANG_WARN_RANGE_LOOP_ANALYSIS = YES;
				CLANG_WARN_STRICT_PROTOTYPES = YES;
				CLANG_WARN_SUSPICIOUS_MOVE = YES;
				CLANG_WARN_UNGUARDED_AVAILABILITY = YES_AGGRESSIVE;
				CLANG_WARN_UNREACHABLE_CODE = YES;
				CLANG_WARN__DUPLICATE_METHOD_MATCH = YES;
				COPY_PHASE_STRIP = NO;
				DEBUG_INFORMATION_FORMAT = "dwarf-with-dsym";
				ENABLE_NS_ASSERTIONS = NO;
				ENABLE_STRICT_OBJC_MSGSEND = YES;
				GCC_C_LANGUAGE_STANDARD = gnu11;
				GCC_NO_COMMON_BLOCKS = YES;
				GCC_WARN_64_TO_32_BIT_CONVERSION = YES;
				GCC_WARN_ABOUT_RETURN_TYPE = YES_ERROR;
				GCC_WARN_UNDECLARED_SELECTOR = YES;
				GCC_WARN_UNINITIALIZED_AUTOS = YES_AGGRESSIVE;
				GCC_WARN_UNUSED_FUNCTION = YES;
				GCC_WARN_UNUSED_VARIABLE = YES;
				IPHONEOS_DEPLOYMENT_TARGET = 15.5;
				MTL_ENABLE_DEBUG_INFO = NO;
				MTL_FAST_MATH = YES;
				SDKROOT = iphoneos;
				SWIFT_COMPILATION_MODE = wholemodule;
				SWIFT_OPTIMIZATION_LEVEL = "-O";
				VALIDATE_PRODUCT = YES;
			};
			name = Release;
		};
		B4679DF92924D221007EF24E /* Debug */ = {
			isa = XCBuildConfiguration;
			buildSettings = {
				ASSETCATALOG_COMPILER_APPICON_NAME = AppIcon;
				ASSETCATALOG_COMPILER_GLOBAL_ACCENT_COLOR_NAME = AccentColor;
				CODE_SIGN_STYLE = Automatic;
				CURRENT_PROJECT_VERSION = 1;
				DEVELOPMENT_TEAM = XF7JMCRX4X;
				GENERATE_INFOPLIST_FILE = YES;
				INFOPLIST_FILE = CounterApp/Info.plist;
				INFOPLIST_KEY_UIApplicationSupportsIndirectInputEvents = YES;
				INFOPLIST_KEY_UILaunchStoryboardName = LaunchScreen;
				INFOPLIST_KEY_UIMainStoryboardFile = Main;
				INFOPLIST_KEY_UISupportedInterfaceOrientations_iPad = "UIInterfaceOrientationPortrait UIInterfaceOrientationPortraitUpsideDown UIInterfaceOrientationLandscapeLeft UIInterfaceOrientationLandscapeRight";
				INFOPLIST_KEY_UISupportedInterfaceOrientations_iPhone = "UIInterfaceOrientationPortrait UIInterfaceOrientationLandscapeLeft UIInterfaceOrientationLandscapeRight";
				LD_RUNPATH_SEARCH_PATHS = (
					"$(inherited)",
					"@executable_path/Frameworks",
				);
				MARKETING_VERSION = 1.0;
				PRODUCT_BUNDLE_IDENTIFIER = ashipacheva.CounterApp;
				PRODUCT_NAME = "$(TARGET_NAME)";
				SWIFT_EMIT_LOC_STRINGS = YES;
				SWIFT_VERSION = 5.0;
				TARGETED_DEVICE_FAMILY = "1,2";
			};
			name = Debug;
		};
		B4679DFA2924D221007EF24E /* Release */ = {
			isa = XCBuildConfiguration;
			buildSettings = {
				ASSETCATALOG_COMPILER_APPICON_NAME = AppIcon;
				ASSETCATALOG_COMPILER_GLOBAL_ACCENT_COLOR_NAME = AccentColor;
				CODE_SIGN_STYLE = Automatic;
				CURRENT_PROJECT_VERSION = 1;
				DEVELOPMENT_TEAM = XF7JMCRX4X;
				GENERATE_INFOPLIST_FILE = YES;
				INFOPLIST_FILE = CounterApp/Info.plist;
				INFOPLIST_KEY_UIApplicationSupportsIndirectInputEvents = YES;
				INFOPLIST_KEY_UILaunchStoryboardName = LaunchScreen;
				INFOPLIST_KEY_UIMainStoryboardFile = Main;
				INFOPLIST_KEY_UISupportedInterfaceOrientations_iPad = "UIInterfaceOrientationPortrait UIInterfaceOrientationPortraitUpsideDown UIInterfaceOrientationLandscapeLeft UIInterfaceOrientationLandscapeRight";
				INFOPLIST_KEY_UISupportedInterfaceOrientations_iPhone = "UIInterfaceOrientationPortrait UIInterfaceOrientationLandscapeLeft UIInterfaceOrientationLandscapeRight";
				LD_RUNPATH_SEARCH_PATHS = (
					"$(inherited)",
					"@executable_path/Frameworks",
				);
				MARKETING_VERSION = 1.0;
				PRODUCT_BUNDLE_IDENTIFIER = ashipacheva.CounterApp;
				PRODUCT_NAME = "$(TARGET_NAME)";
				SWIFT_EMIT_LOC_STRINGS = YES;
				SWIFT_VERSION = 5.0;
				TARGETED_DEVICE_FAMILY = "1,2";
			};
			name = Release;
		};
		B4679DFC2924D221007EF24E /* Debug */ = {
			isa = XCBuildConfiguration;
			buildSettings = {
				ALWAYS_EMBED_SWIFT_STANDARD_LIBRARIES = YES;
				BUNDLE_LOADER = "$(TEST_HOST)";
				CODE_SIGN_STYLE = Automatic;
				CURRENT_PROJECT_VERSION = 1;
				DEVELOPMENT_TEAM = XF7JMCRX4X;
				GENERATE_INFOPLIST_FILE = YES;
				IPHONEOS_DEPLOYMENT_TARGET = 15.5;
				MARKETING_VERSION = 1.0;
				PRODUCT_BUNDLE_IDENTIFIER = ashipacheva.CounterAppTests;
				PRODUCT_NAME = "$(TARGET_NAME)";
				SWIFT_EMIT_LOC_STRINGS = NO;
				SWIFT_VERSION = 5.0;
				TARGETED_DEVICE_FAMILY = "1,2";
				TEST_HOST = "$(BUILT_PRODUCTS_DIR)/CounterApp.app/CounterApp";
			};
			name = Debug;
		};
		B4679DFD2924D221007EF24E /* Release */ = {
			isa = XCBuildConfiguration;
			buildSettings = {
				ALWAYS_EMBED_SWIFT_STANDARD_LIBRARIES = YES;
				BUNDLE_LOADER = "$(TEST_HOST)";
				CODE_SIGN_STYLE = Automatic;
				CURRENT_PROJECT_VERSION = 1;
				DEVELOPMENT_TEAM = XF7JMCRX4X;
				GENERATE_INFOPLIST_FILE = YES;
				IPHONEOS_DEPLOYMENT_TARGET = 15.5;
				MARKETING_VERSION = 1.0;
				PRODUCT_BUNDLE_IDENTIFIER = ashipacheva.CounterAppTests;
				PRODUCT_NAME = "$(TARGET_NAME)";
				SWIFT_EMIT_LOC_STRINGS = NO;
				SWIFT_VERSION = 5.0;
				TARGETED_DEVICE_FAMILY = "1,2";
				TEST_HOST = "$(BUILT_PRODUCTS_DIR)/CounterApp.app/CounterApp";
			};
			name = Release;
		};
		B4679DFF2924D221007EF24E /* Debug */ = {
			isa = XCBuildConfiguration;
			buildSettings = {
				ALWAYS_EMBED_SWIFT_STANDARD_LIBRARIES = YES;
				CODE_SIGN_STYLE = Automatic;
				CURRENT_PROJECT_VERSION = 1;
				DEVELOPMENT_TEAM = XF7JMCRX4X;
				GENERATE_INFOPLIST_FILE = YES;
				MARKETING_VERSION = 1.0;
				PRODUCT_BUNDLE_IDENTIFIER = ashipacheva.CounterAppUITests;
				PRODUCT_NAME = "$(TARGET_NAME)";
				SWIFT_EMIT_LOC_STRINGS = NO;
				SWIFT_VERSION = 5.0;
				TARGETED_DEVICE_FAMILY = "1,2";
				TEST_TARGET_NAME = CounterApp;
			};
			name = Debug;
		};
		B4679E002924D221007EF24E /* Release */ = {
			isa = XCBuildConfiguration;
			buildSettings = {
				ALWAYS_EMBED_SWIFT_STANDARD_LIBRARIES = YES;
				CODE_SIGN_STYLE = Automatic;
				CURRENT_PROJECT_VERSION = 1;
				DEVELOPMENT_TEAM = XF7JMCRX4X;
				GENERATE_INFOPLIST_FILE = YES;
				MARKETING_VERSION = 1.0;
				PRODUCT_BUNDLE_IDENTIFIER = ashipacheva.CounterAppUITests;
				PRODUCT_NAME = "$(TARGET_NAME)";
				SWIFT_EMIT_LOC_STRINGS = NO;
				SWIFT_VERSION = 5.0;
				TARGETED_DEVICE_FAMILY = "1,2";
				TEST_TARGET_NAME = CounterApp;
			};
			name = Release;
		};
/* End XCBuildConfiguration section */

/* Begin XCConfigurationList section */
		B4679DC92924D21B007EF24E /* Build configuration list for PBXProject "CounterApp" */ = {
			isa = XCConfigurationList;
			buildConfigurations = (
				B4679DF62924D221007EF24E /* Debug */,
				B4679DF72924D221007EF24E /* Release */,
			);
			defaultConfigurationIsVisible = 0;
			defaultConfigurationName = Release;
		};
		B4679DF82924D221007EF24E /* Build configuration list for PBXNativeTarget "CounterApp" */ = {
			isa = XCConfigurationList;
			buildConfigurations = (
				B4679DF92924D221007EF24E /* Debug */,
				B4679DFA2924D221007EF24E /* Release */,
			);
			defaultConfigurationIsVisible = 0;
			defaultConfigurationName = Release;
		};
		B4679DFB2924D221007EF24E /* Build configuration list for PBXNativeTarget "CounterAppTests" */ = {
			isa = XCConfigurationList;
			buildConfigurations = (
				B4679DFC2924D221007EF24E /* Debug */,
				B4679DFD2924D221007EF24E /* Release */,
			);
			defaultConfigurationIsVisible = 0;
			defaultConfigurationName = Release;
		};
		B4679DFE2924D221007EF24E /* Build configuration list for PBXNativeTarget "CounterAppUITests" */ = {
			isa = XCConfigurationList;
			buildConfigurations = (
				B4679DFF2924D221007EF24E /* Debug */,
				B4679E002924D221007EF24E /* Release */,
			);
			defaultConfigurationIsVisible = 0;
			defaultConfigurationName = Release;
		};
/* End XCConfigurationList section */
	};
	rootObject = B4679DC62924D21B007EF24E /* Project object */;
}
